
Microsoft Visual Studio Solution File, Format Version 12.00
# Visual Studio Version 16
VisualStudioVersion = 16.0.32901.82
MinimumVisualStudioVersion = 10.0.40219.1
Project("{9A19103F-16F7-4668-BE54-9A1E7A4F7556}") = "WpfApp_Tamplate", "WpfApp_Tamplate\WpfApp_Tamplate.csproj", "{8D38B742-B78B-4830-A606-B3CAA9994142}"
EndProject
Project("{9A19103F-16F7-4668-BE54-9A1E7A4F7556}") = "WpfApp_DataBinding", "WpfApp_DataBinding\WpfApp_DataBinding.csproj", "{17CEF4F4-A4A2-485B-AD0B-ADE0BE294C24}"
EndProject
Project("{FAE04EC0-301F-11D3-BF4B-00C04F79EFBC}") = "WpfApp_ToDo_Items", "WpfApp_ToDo_Items\WpfApp_ToDo_Items.csproj", "{A90F1EDC-2C55-41B7-B490-69C8A486AC98}"
EndProject
Global
	GlobalSection(SolutionConfigurationPlatforms) = preSolution
		Debug|Any CPU = Debug|Any CPU
		Release|Any CPU = Release|Any CPU
	EndGlobalSection
	GlobalSection(ProjectConfigurationPlatforms) = postSolution
		{8D38B742-B78B-4830-A606-B3CAA9994142}.Debug|Any CPU.ActiveCfg = Debug|Any CPU
		{8D38B742-B78B-4830-A606-B3CAA9994142}.Debug|Any CPU.Build.0 = Debug|Any CPU
		{8D38B742-B78B-4830-A606-B3CAA9994142}.Release|Any CPU.ActiveCfg = Release|Any CPU
		{8D38B742-B78B-4830-A606-B3CAA9994142}.Release|Any CPU.Build.0 = Release|Any CPU
		{17CEF4F4-A4A2-485B-AD0B-ADE0BE294C24}.Debug|Any CPU.ActiveCfg = Debug|Any CPU
		{17CEF4F4-A4A2-485B-AD0B-ADE0BE294C24}.Debug|Any CPU.Build.0 = Debug|Any CPU
		{17CEF4F4-A4A2-485B-AD0B-ADE0BE294C24}.Release|Any CPU.ActiveCfg = Release|Any CPU
		{17CEF4F4-A4A2-485B-AD0B-ADE0BE294C24}.Release|Any CPU.Build.0 = Release|Any CPU
		{A90F1EDC-2C55-41B7-B490-69C8A486AC98}.Debug|Any CPU.ActiveCfg = Debug|Any CPU
		{A90F1EDC-2C55-41B7-B490-69C8A486AC98}.Debug|Any CPU.Build.0 = Debug|Any CPU
		{A90F1EDC-2C55-41B7-B490-69C8A486AC98}.Release|Any CPU.ActiveCfg = Release|Any CPU
		{A90F1EDC-2C55-41B7-B490-69C8A486AC98}.Release|Any CPU.Build.0 = Release|Any CPU
	EndGlobalSection
	GlobalSection(SolutionProperties) = preSolution
		HideSolutionNode = FALSE
	EndGlobalSection
	GlobalSection(ExtensibilityGlobals) = postSolution
		SolutionGuid = {40A0BC9F-35E4-47F3-8E23-219A8AA6A28B}
	EndGlobalSection
EndGlobal
